// !$*UTF8*$!
{
	archiveVersion = 1;
	classes = {
	};
	objectVersion = 56;
	objects = {

/* Begin PBXBuildFile section */
		253FBF212EBE776100C84FF4 /* AppDelegate.swift in Sources */ = {isa = PBXBuildFile; fileRef = 253FBF202EBE776100C84FF4 /* AppDelegate.swift */; };
		253FBF232EBE776100C84FF4 /* SceneDelegate.swift in Sources */ = {isa = PBXBuildFile; fileRef = 253FBF222EBE776100C84FF4 /* SceneDelegate.swift */; };
		253FBF282EBE776100C84FF4 /* Base in Resources */ = {isa = PBXBuildFile; fileRef = 253FBF272EBE776100C84FF4 /* Base */; };
		253FBF2A2EBE776200C84FF4 /* Assets.xcassets in Resources */ = {isa = PBXBuildFile; fileRef = 253FBF292EBE776200C84FF4 /* Assets.xcassets */; };
		253FBF2D2EBE776200C84FF4 /* Base in Resources */ = {isa = PBXBuildFile; fileRef = 253FBF2C2EBE776200C84FF4 /* Base */; };
		253FBF392EBE77E300C84FF4 /* 2.mp3 in Resources */ = {isa = PBXBuildFile; fileRef = 253FBF352EBE77E300C84FF4 /* 2.mp3 */; };
		253FBF3A2EBE77E300C84FF4 /* 4.mp3 in Resources */ = {isa = PBXBuildFile; fileRef = 253FBF362EBE77E300C84FF4 /* 4.mp3 */; };
		253FBF3B2EBE77E300C84FF4 /* 3.mp3 in Resources */ = {isa = PBXBuildFile; fileRef = 253FBF372EBE77E300C84FF4 /* 3.mp3 */; };
		253FBF3C2EBE77E300C84FF4 /* 1.mp3 in Resources */ = {isa = PBXBuildFile; fileRef = 253FBF382EBE77E300C84FF4 /* 1.mp3 */; };
		253FBF3E2EBE77EF00C84FF4 /* 5.mp3 in Resources */ = {isa = PBXBuildFile; fileRef = 253FBF3D2EBE77EF00C84FF4 /* 5.mp3 */; };
		253FBF402EBE787900C84FF4 /* Track.swift in Sources */ = {isa = PBXBuildFile; fileRef = 253FBF3F2EBE787900C84FF4 /* Track.swift */; };
		253FBF442EBE7BA600C84FF4 /* ViewController.swift in Sources */ = {isa = PBXBuildFile; fileRef = 253FBF432EBE7BA600C84FF4 /* ViewController.swift */; };
/* End PBXBuildFile section */

/* Begin PBXFileReference section */
		253FBF1D2EBE776100C84FF4 /* MusicPlayer.app */ = {isa = PBXFileReference; explicitFileType = wrapper.application; includeInIndex = 0; path = MusicPlayer.app; sourceTree = BUILT_PRODUCTS_DIR; };
		253FBF202EBE776100C84FF4 /* AppDelegate.swift */ = {isa = PBXFileReference; lastKnownFileType = sourcecode.swift; path = AppDelegate.swift; sourceTree = "<group>"; };
		253FBF222EBE776100C84FF4 /* SceneDelegate.swift */ = {isa = PBXFileReference; lastKnownFileType = sourcecode.swift; path = SceneDelegate.swift; sourceTree = "<group>"; };
		253FBF272EBE776100C84FF4 /* Base */ = {isa = PBXFileReference; lastKnownFileType = file.storyboard; name = Base; path = Base.lproj/Main.storyboard; sourceTree = "<group>"; };
		253FBF292EBE776200C84FF4 /* Assets.xcassets */ = {isa = PBXFileReference; lastKnownFileType = folder.assetcatalog; path = Assets.xcassets; sourceTree = "<group>"; };
		253FBF2C2EBE776200C84FF4 /* Base */ = {isa = PBXFileReference; lastKnownFileType = file.storyboard; name = Base; path = Base.lproj/LaunchScreen.storyboard; sourceTree = "<group>"; };
		253FBF2E2EBE776200C84FF4 /* Info.plist */ = {isa = PBXFileReference; lastKnownFileType = text.plist.xml; path = Info.plist; sourceTree = "<group>"; };
		253FBF352EBE77E300C84FF4 /* 2.mp3 */ = {isa = PBXFileReference; lastKnownFileType = audio.mp3; path = 2.mp3; sourceTree = "<group>"; };
		253FBF362EBE77E300C84FF4 /* 4.mp3 */ = {isa = PBXFileReference; lastKnownFileType = audio.mp3; path = 4.mp3; sourceTree = "<group>"; };
		253FBF372EBE77E300C84FF4 /* 3.mp3 */ = {isa = PBXFileReference; lastKnownFileType = audio.mp3; path = 3.mp3; sourceTree = "<group>"; };
		253FBF382EBE77E300C84FF4 /* 1.mp3 */ = {isa = PBXFileReference; lastKnownFileType = audio.mp3; path = 1.mp3; sourceTree = "<group>"; };
		253FBF3D2EBE77EF00C84FF4 /* 5.mp3 */ = {isa = PBXFileReference; lastKnownFileType = audio.mp3; path = 5.mp3; sourceTree = "<group>"; };
		253FBF3F2EBE787900C84FF4 /* Track.swift */ = {isa = PBXFileReference; lastKnownFileType = sourcecode.swift; path = Track.swift; sourceTree = "<group>"; };
		253FBF432EBE7BA600C84FF4 /* ViewController.swift */ = {isa = PBXFileReference; lastKnownFileType = sourcecode.swift; path = ViewController.swift; sourceTree = "<group>"; };
/* End PBXFileReference section */

/* Begin PBXFrameworksBuildPhase section */
		253FBF1A2EBE776100C84FF4 /* Frameworks */ = {
			isa = PBXFrameworksBuildPhase;
			buildActionMask = 2147483647;
			files = (
			);
			runOnlyForDeploymentPostprocessing = 0;
		};
/* End PBXFrameworksBuildPhase section */

/* Begin PBXGroup section */
		253FBF142EBE776100C84FF4 = {
			isa = PBXGroup;
			children = (
				253FBF1F2EBE776100C84FF4 /* MusicPlayer */,
				253FBF1E2EBE776100C84FF4 /* Products */,
			);
			sourceTree = "<group>";
		};
		253FBF1E2EBE776100C84FF4 /* Products */ = {
			isa = PBXGroup;
			children = (
				253FBF1D2EBE776100C84FF4 /* MusicPlayer.app */,
			);
			name = Products;
			sourceTree = "<group>";
		};
		253FBF1F2EBE776100C84FF4 /* MusicPlayer */ = {
			isa = PBXGroup;
			children = (
				253FBF202EBE776100C84FF4 /* AppDelegate.swift */,
				253FBF222EBE776100C84FF4 /* SceneDelegate.swift */,
				253FBF3F2EBE787900C84FF4 /* Track.swift */,
				253FBF262EBE776100C84FF4 /* Main.storyboard */,
				253FBF432EBE7BA600C84FF4 /* ViewController.swift */,
				253FBF292EBE776200C84FF4 /* Assets.xcassets */,
				253FBF342EBE77D100C84FF4 /* Music */,
				253FBF2B2EBE776200C84FF4 /* LaunchScreen.storyboard */,
				253FBF2E2EBE776200C84FF4 /* Info.plist */,
			);
			path = MusicPlayer;
			sourceTree = "<group>";
		};
		253FBF342EBE77D100C84FF4 /* Music */ = {
			isa = PBXGroup;
			children = (
				253FBF382EBE77E300C84FF4 /* 1.mp3 */,
				253FBF352EBE77E300C84FF4 /* 2.mp3 */,
				253FBF372EBE77E300C84FF4 /* 3.mp3 */,
				253FBF362EBE77E300C84FF4 /* 4.mp3 */,
				253FBF3D2EBE77EF00C84FF4 /* 5.mp3 */,
			);
			path = Music;
			sourceTree = "<group>";
		};
/* End PBXGroup section */

/* Begin PBXNativeTarget section */
		253FBF1C2EBE776100C84FF4 /* MusicPlayer */ = {
			isa = PBXNativeTarget;
			buildConfigurationList = 253FBF312EBE776200C84FF4 /* Build configuration list for PBXNativeTarget "MusicPlayer" */;
			buildPhases = (
				253FBF192EBE776100C84FF4 /* Sources */,
				253FBF1A2EBE776100C84FF4 /* Frameworks */,
				253FBF1B2EBE776100C84FF4 /* Resources */,
			);
			buildRules = (
			);
			dependencies = (
			);
			name = MusicPlayer;
			productName = MusicPlayer;
			productReference = 253FBF1D2EBE776100C84FF4 /* MusicPlayer.app */;
			productType = "com.apple.product-type.application";
		};
/* End PBXNativeTarget section */

/* Begin PBXProject section */
		253FBF152EBE776100C84FF4 /* Project object */ = {
			isa = PBXProject;
			attributes = {
				BuildIndependentTargetsInParallel = 1;
				LastSwiftUpdateCheck = 1530;
				LastUpgradeCheck = 1530;
				TargetAttributes = {
					253FBF1C2EBE776100C84FF4 = {
						CreatedOnToolsVersion = 15.3;
					};
				};
			};
			buildConfigurationList = 253FBF182EBE776100C84FF4 /* Build configuration list for PBXProject "MusicPlayer" */;
			compatibilityVersion = "Xcode 14.0";
			developmentRegion = en;
			hasScannedForEncodings = 0;
			knownRegions = (
				en,
				Base,
			);
			mainGroup = 253FBF142EBE776100C84FF4;
			productRefGroup = 253FBF1E2EBE776100C84FF4 /* Products */;
			projectDirPath = "";
			projectRoot = "";
			targets = (
				253FBF1C2EBE776100C84FF4 /* MusicPlayer */,
			);
		};
/* End PBXProject section */

/* Begin PBXResourcesBuildPhase section */
		253FBF1B2EBE776100C84FF4 /* Resources */ = {
			isa = PBXResourcesBuildPhase;
			buildActionMask = 2147483647;
			files = (
				253FBF3B2EBE77E300C84FF4 /* 3.mp3 in Resources */,
				253FBF3E2EBE77EF00C84FF4 /* 5.mp3 in Resources */,
				253FBF2A2EBE776200C84FF4 /* Assets.xcassets in Resources */,
				253FBF3C2EBE77E300C84FF4 /* 1.mp3 in Resources */,
				253FBF392EBE77E300C84FF4 /* 2.mp3 in Resources */,
				253FBF2D2EBE776200C84FF4 /* Base in Resources */,
				253FBF3A2EBE77E300C84FF4 /* 4.mp3 in Resources */,
				253FBF282EBE776100C84FF4 /* Base in Resources */,
			);
			runOnlyForDeploymentPostprocessing = 0;
		};
/* End PBXResourcesBuildPhase section */

/* Begin PBXSourcesBuildPhase section */
		253FBF192EBE776100C84FF4 /* Sources */ = {
			isa = PBXSourcesBuildPhase;
			buildActionMask = 2147483647;
			files = (
				253FBF442EBE7BA600C84FF4 /* ViewController.swift in Sources */,
				253FBF212EBE776100C84FF4 /* AppDelegate.swift in Sources */,
				253FBF232EBE776100C84FF4 /* SceneDelegate.swift in Sources */,
				253FBF402EBE787900C84FF4 /* Track.swift in Sources */,
			);
			runOnlyForDeploymentPostprocessing = 0;
		};
/* End PBXSourcesBuildPhase section */

/* Begin PBXVariantGroup section */
		253FBF262EBE776100C84FF4 /* Main.storyboard */ = {
			isa = PBXVariantGroup;
			children = (
				253FBF272EBE776100C84FF4 /* Base */,
			);
			name = Main.storyboard;
			sourceTree = "<group>";
		};
		253FBF2B2EBE776200C84FF4 /* LaunchScreen.storyboard */ = {
			isa = PBXVariantGroup;
			children = (
				253FBF2C2EBE776200C84FF4 /* Base */,
			);
			name = LaunchScreen.storyboard;
			sourceTree = "<group>";
		};
/* End PBXVariantGroup section */

/* Begin XCBuildConfiguration section */
		253FBF2F2EBE776200C84FF4 /* Debug */ = {
			isa = XCBuildConfiguration;
			buildSettings = {
				ALWAYS_SEARCH_USER_PATHS = NO;
				ASSETCATALOG_COMPILER_GENERATE_SWIFT_ASSET_SYMBOL_EXTENSIONS = YES;
				CLANG_ANALYZER_NONNULL = YES;
				CLANG_ANALYZER_NUMBER_OBJECT_CONVERSION = YES_AGGRESSIVE;
				CLANG_CXX_LANGUAGE_STANDARD = "gnu++20";
				CLANG_ENABLE_MODULES = YES;
				CLANG_ENABLE_OBJC_ARC = YES;
				CLANG_ENABLE_OBJC_WEAK = YES;
				CLANG_WARN_BLOCK_CAPTURE_AUTORELEASING = YES;
				CLANG_WARN_BOOL_CONVERSION = YES;
				CLANG_WARN_COMMA = YES;
				CLANG_WARN_CONSTANT_CONVERSION = YES;
				CLANG_WARN_DEPRECATED_OBJC_IMPLEMENTATIONS = YES;
				CLANG_WARN_DIRECT_OBJC_ISA_USAGE = YES_ERROR;
				CLANG_WARN_DOCUMENTATION_COMMENTS = YES;
				CLANG_WARN_EMPTY_BODY = YES;
				CLANG_WARN_ENUM_CONVERSION = YES;
				CLANG_WARN_INFINITE_RECURSION = YES;
				CLANG_WARN_INT_CONVERSION = YES;
				CLANG_WARN_NON_LITERAL_NULL_CONVERSION = YES;
				CLANG_WARN_OBJC_IMPLICIT_RETAIN_SELF = YES;
				CLANG_WARN_OBJC_LITERAL_CONVERSION = YES;
				CLANG_WARN_OBJC_ROOT_CLASS = YES_ERROR;
				CLANG_WARN_QUOTED_INCLUDE_IN_FRAMEWORK_HEADER = YES;
				CLANG_WARN_RANGE_LOOP_ANALYSIS = YES;
				CLANG_WARN_STRICT_PROTOTYPES = YES;
				CLANG_WARN_SUSPICIOUS_MOVE = YES;
				CLANG_WARN_UNGUARDED_AVAILABILITY = YES_AGGRESSIVE;
				CLANG_WARN_UNREACHABLE_CODE = YES;
				CLANG_WARN__DUPLICATE_METHOD_MATCH = YES;
				COPY_PHASE_STRIP = NO;
				DEBUG_INFORMATION_FORMAT = dwarf;
				ENABLE_STRICT_OBJC_MSGSEND = YES;
				ENABLE_TESTABILITY = YES;
				ENABLE_USER_SCRIPT_SANDBOXING = YES;
				GCC_C_LANGUAGE_STANDARD = gnu17;
				GCC_DYNAMIC_NO_PIC = NO;
				GCC_NO_COMMON_BLOCKS = YES;
				GCC_OPTIMIZATION_LEVEL = 0;
				GCC_PREPROCESSOR_DEFINITIONS = (
					"DEBUG=1",
					"$(inherited)",
				);
				GCC_WARN_64_TO_32_BIT_CONVERSION = YES;
				GCC_WARN_ABOUT_RETURN_TYPE = YES_ERROR;
				GCC_WARN_UNDECLARED_SELECTOR = YES;
				GCC_WARN_UNINITIALIZED_AUTOS = YES_AGGRESSIVE;
				GCC_WARN_UNUSED_FUNCTION = YES;
				GCC_WARN_UNUSED_VARIABLE = YES;
				IPHONEOS_DEPLOYMENT_TARGET = 17.4;
				LOCALIZATION_PREFERS_STRING_CATALOGS = YES;
				MTL_ENABLE_DEBUG_INFO = INCLUDE_SOURCE;
				MTL_FAST_MATH = YES;
				ONLY_ACTIVE_ARCH = YES;
				SDKROOT = iphoneos;
				SWIFT_ACTIVE_COMPILATION_CONDITIONS = "DEBUG $(inherited)";
				SWIFT_OPTIMIZATION_LEVEL = "-Onone";
			};
			name = Debug;
		};
		253FBF302EBE776200C84FF4 /* Release */ = {
			isa = XCBuildConfiguration;
			buildSettings = {
				ALWAYS_SEARCH_USER_PATHS = NO;
				ASSETCATALOG_COMPILER_GENERATE_SWIFT_ASSET_SYMBOL_EXTENSIONS = YES;
				CLANG_ANALYZER_NONNULL = YES;
				CLANG_ANALYZER_NUMBER_OBJECT_CONVERSION = YES_AGGRESSIVE;
				CLANG_CXX_LANGUAGE_STANDARD = "gnu++20";
				CLANG_ENABLE_MODULES = YES;
				CLANG_ENABLE_OBJC_ARC = YES;
				CLANG_ENABLE_OBJC_WEAK = YES;
				CLANG_WARN_BLOCK_CAPTURE_AUTORELEASING = YES;
				CLANG_WARN_BOOL_CONVERSION = YES;
				CLANG_WARN_COMMA = YES;
				CLANG_WARN_CONSTANT_CONVERSION = YES;
				CLANG_WARN_DEPRECATED_OBJC_IMPLEMENTATIONS = YES;
				CLANG_WARN_DIRECT_OBJC_ISA_USAGE = YES_ERROR;
				CLANG_WARN_DOCUMENTATION_COMMENTS = YES;
				CLANG_WARN_EMPTY_BODY = YES;
				CLANG_WARN_ENUM_CONVERSION = YES;
				CLANG_WARN_INFINITE_RECURSION = YES;
				CLANG_WARN_INT_CONVERSION = YES;
				CLANG_WARN_NON_LITERAL_NULL_CONVERSION = YES;
				CLANG_WARN_OBJC_IMPLICIT_RETAIN_SELF = YES;
				CLANG_WARN_OBJC_LITERAL_CONVERSION = YES;
				CLANG_WARN_OBJC_ROOT_CLASS = YES_ERROR;
				CLANG_WARN_QUOTED_INCLUDE_IN_FRAMEWORK_HEADER = YES;
				CLANG_WARN_RANGE_LOOP_ANALYSIS = YES;
				CLANG_WARN_STRICT_PROTOTYPES = YES;
				CLANG_WARN_SUSPICIOUS_MOVE = YES;
				CLANG_WARN_UNGUARDED_AVAILABILITY = YES_AGGRESSIVE;
				CLANG_WARN_UNREACHABLE_CODE = YES;
				CLANG_WARN__DUPLICATE_METHOD_MATCH = YES;
				COPY_PHASE_STRIP = NO;
				DEBUG_INFORMATION_FORMAT = "dwarf-with-dsym";
				ENABLE_NS_ASSERTIONS = NO;
				ENABLE_STRICT_OBJC_MSGSEND = YES;
				ENABLE_USER_SCRIPT_SANDBOXING = YES;
				GCC_C_LANGUAGE_STANDARD = gnu17;
				GCC_NO_COMMON_BLOCKS = YES;
				GCC_WARN_64_TO_32_BIT_CONVERSION = YES;
				GCC_WARN_ABOUT_RETURN_TYPE = YES_ERROR;
				GCC_WARN_UNDECLARED_SELECTOR = YES;
				GCC_WARN_UNINITIALIZED_AUTOS = YES_AGGRESSIVE;
				GCC_WARN_UNUSED_FUNCTION = YES;
				GCC_WARN_UNUSED_VARIABLE = YES;
				IPHONEOS_DEPLOYMENT_TARGET = 17.4;
				LOCALIZATION_PREFERS_STRING_CATALOGS = YES;
				MTL_ENABLE_DEBUG_INFO = NO;
				MTL_FAST_MATH = YES;
				SDKROOT = iphoneos;
				SWIFT_COMPILATION_MODE = wholemodule;
				VALIDATE_PRODUCT = YES;
			};
			name = Release;
		};
		253FBF322EBE776200C84FF4 /* Debug */ = {
			isa = XCBuildConfiguration;
			buildSettings = {
				ASSETCATALOG_COMPILER_APPICON_NAME = AppIcon;
				ASSETCATALOG_COMPILER_GLOBAL_ACCENT_COLOR_NAME = AccentColor;
				CODE_SIGN_STYLE = Automatic;
				CURRENT_PROJECT_VERSION = 1;
				DEVELOPMENT_TEAM = 83N4RXJBHL;
				GENERATE_INFOPLIST_FILE = YES;
				INFOPLIST_FILE = MusicPlayer/Info.plist;
				INFOPLIST_KEY_UIApplicationSupportsIndirectInputEvents = YES;
				INFOPLIST_KEY_UILaunchStoryboardName = LaunchScreen;
				INFOPLIST_KEY_UIMainStoryboardFile = Main;
				INFOPLIST_KEY_UISupportedInterfaceOrientations_iPad = "UIInterfaceOrientationPortrait UIInterfaceOrientationPortraitUpsideDown UIInterfaceOrientationLandscapeLeft UIInterfaceOrientationLandscapeRight";
				INFOPLIST_KEY_UISupportedInterfaceOrientations_iPhone = "UIInterfaceOrientationPortrait UIInterfaceOrientationLandscapeLeft UIInterfaceOrientationLandscapeRight";
				LD_RUNPATH_SEARCH_PATHS = (
					"$(inherited)",
					"@executable_path/Frameworks",
				);
				MARKETING_VERSION = 1.0;
				PRODUCT_BUNDLE_IDENTIFIER = com.yevadavydova.MusicPlayer;
				PRODUCT_NAME = "$(TARGET_NAME)";
				SWIFT_EMIT_LOC_STRINGS = YES;
				SWIFT_VERSION = 5.0;
				TARGETED_DEVICE_FAMILY = "1,2";
			};
			name = Debug;
		};
		253FBF332EBE776200C84FF4 /* Release */ = {
			isa = XCBuildConfiguration;
			buildSettings = {
				ASSETCATALOG_COMPILER_APPICON_NAME = AppIcon;
				ASSETCATALOG_COMPILER_GLOBAL_ACCENT_COLOR_NAME = AccentColor;
				CODE_SIGN_STYLE = Automatic;
				CURRENT_PROJECT_VERSION = 1;
				DEVELOPMENT_TEAM = 83N4RXJBHL;
				GENERATE_INFOPLIST_FILE = YES;
				INFOPLIST_FILE = MusicPlayer/Info.plist;
				INFOPLIST_KEY_UIApplicationSupportsIndirectInputEvents = YES;
				INFOPLIST_KEY_UILaunchStoryboardName = LaunchScreen;
				INFOPLIST_KEY_UIMainStoryboardFile = Main;
				INFOPLIST_KEY_UISupportedInterfaceOrientations_iPad = "UIInterfaceOrientationPortrait UIInterfaceOrientationPortraitUpsideDown UIInterfaceOrientationLandscapeLeft UIInterfaceOrientationLandscapeRight";
				INFOPLIST_KEY_UISupportedInterfaceOrientations_iPhone = "UIInterfaceOrientationPortrait UIInterfaceOrientationLandscapeLeft UIInterfaceOrientationLandscapeRight";
				LD_RUNPATH_SEARCH_PATHS = (
					"$(inherited)",
					"@executable_path/Frameworks",
				);
				MARKETING_VERSION = 1.0;
				PRODUCT_BUNDLE_IDENTIFIER = com.yevadavydova.MusicPlayer;
				PRODUCT_NAME = "$(TARGET_NAME)";
				SWIFT_EMIT_LOC_STRINGS = YES;
				SWIFT_VERSION = 5.0;
				TARGETED_DEVICE_FAMILY = "1,2";
			};
			name = Release;
		};
/* End XCBuildConfiguration section */

/* Begin XCConfigurationList section */
		253FBF182EBE776100C84FF4 /* Build configuration list for PBXProject "MusicPlayer" */ = {
			isa = XCConfigurationList;
			buildConfigurations = (
				253FBF2F2EBE776200C84FF4 /* Debug */,
				253FBF302EBE776200C84FF4 /* Release */,
			);
			defaultConfigurationIsVisible = 0;
			defaultConfigurationName = Release;
		};
		253FBF312EBE776200C84FF4 /* Build configuration list for PBXNativeTarget "MusicPlayer" */ = {
			isa = XCConfigurationList;
			buildConfigurations = (
				253FBF322EBE776200C84FF4 /* Debug */,
				253FBF332EBE776200C84FF4 /* Release */,
			);
			defaultConfigurationIsVisible = 0;
			defaultConfigurationName = Release;
		};
/* End XCConfigurationList section */
	};
	rootObject = 253FBF152EBE776100C84FF4 /* Project object */;
}
